
Microsoft Visual Studio Solution File, Format Version 12.00
# Visual Studio Version 17
VisualStudioVersion = 17.3.32922.545
MinimumVisualStudioVersion = 10.0.40219.1
Project("{FAE04EC0-301F-11D3-BF4B-00C04F79EFBC}") = "MapperApp", "MapperApp\MapperApp.csproj", "{5884AE8D-CB93-4026-97EA-78396B788A77}"
EndProject
Global
	GlobalSection(SolutionConfigurationPlatforms) = preSolution
		Debug|Any CPU = Debug|Any CPU
		Release|Any CPU = Release|Any CPU
	EndGlobalSection
	GlobalSection(ProjectConfigurationPlatforms) = postSolution
		{5884AE8D-CB93-4026-97EA-78396B788A77}.Debug|Any CPU.ActiveCfg = Debug|Any CPU
		{5884AE8D-CB93-4026-97EA-78396B788A77}.Debug|Any CPU.Build.0 = Debug|Any CPU
		{5884AE8D-CB93-4026-97EA-78396B788A77}.Release|Any CPU.ActiveCfg = Release|Any CPU
		{5884AE8D-CB93-4026-97EA-78396B788A77}.Release|Any CPU.Build.0 = Release|Any CPU
	EndGlobalSection
	GlobalSection(SolutionProperties) = preSolution
		HideSolutionNode = FALSE
	EndGlobalSection
	GlobalSection(ExtensibilityGlobals) = postSolution
		SolutionGuid = {99D6B5E0-0488-41C4-86D3-D5C353F6EFB3}
	EndGlobalSection
EndGlobal
